// !$*UTF8*$!
{
	archiveVersion = 1;
	classes = {
	};
	objectVersion = 50;
	objects = {

/* Begin PBXBuildFile section */
		900E49462F4F50AAE7CEA0B6 /* Pods_WeatherApp.framework in Frameworks */ = {isa = PBXBuildFile; fileRef = C8ECC11A0F62B0D7623CA73E /* Pods_WeatherApp.framework */; };
		D01407B4223F6A400074263D /* AppDelegate.swift in Sources */ = {isa = PBXBuildFile; fileRef = D01407B3223F6A400074263D /* AppDelegate.swift */; };
		D01407B9223F6A400074263D /* Main.storyboard in Resources */ = {isa = PBXBuildFile; fileRef = D01407B7223F6A400074263D /* Main.storyboard */; };
		D01407BB223F6A420074263D /* Assets.xcassets in Resources */ = {isa = PBXBuildFile; fileRef = D01407BA223F6A420074263D /* Assets.xcassets */; };
		D01407BE223F6A420074263D /* LaunchScreen.storyboard in Resources */ = {isa = PBXBuildFile; fileRef = D01407BC223F6A420074263D /* LaunchScreen.storyboard */; };
		D01407CA223F84C40074263D /* TutorialPageViewController.swift in Sources */ = {isa = PBXBuildFile; fileRef = D01407C9223F84C40074263D /* TutorialPageViewController.swift */; };
		D01407CC223F95250074263D /* TutorialViewController.swift in Sources */ = {isa = PBXBuildFile; fileRef = D01407CB223F95250074263D /* TutorialViewController.swift */; };
		D01407CE223FCC0C0074263D /* CardView.swift in Sources */ = {isa = PBXBuildFile; fileRef = D01407CD223FCC0C0074263D /* CardView.swift */; };
		D01407D0223FF2CA0074263D /* WeatherViewController.swift in Sources */ = {isa = PBXBuildFile; fileRef = D01407CF223FF2CA0074263D /* WeatherViewController.swift */; };
		D01407D22240D7FA0074263D /* WeatherDataModel.swift in Sources */ = {isa = PBXBuildFile; fileRef = D01407D12240D7FA0074263D /* WeatherDataModel.swift */; };
		D01407D72240DF4C0074263D /* SwitchCityViewController.swift in Sources */ = {isa = PBXBuildFile; fileRef = D01407D62240DF4C0074263D /* SwitchCityViewController.swift */; };
		D01407D92240EA450074263D /* DataFetcher.swift in Sources */ = {isa = PBXBuildFile; fileRef = D01407D82240EA450074263D /* DataFetcher.swift */; };
		D019637222802C2300DAE77D /* WeatherViewModel.swift in Sources */ = {isa = PBXBuildFile; fileRef = D019637122802C2300DAE77D /* WeatherViewModel.swift */; };
		D01963742280416300DAE77D /* ForecastTableViewController.swift in Sources */ = {isa = PBXBuildFile; fileRef = D01963732280416300DAE77D /* ForecastTableViewController.swift */; };
		D0196379228041D000DAE77D /* ForecastCell.swift in Sources */ = {isa = PBXBuildFile; fileRef = D0196378228041D000DAE77D /* ForecastCell.swift */; };
		D019637B22804B5C00DAE77D /* WeatherDataTabBarController.swift in Sources */ = {isa = PBXBuildFile; fileRef = D019637A22804B5C00DAE77D /* WeatherDataTabBarController.swift */; };
		D019637F228052BF00DAE77D /* ForecastListViewModel.swift in Sources */ = {isa = PBXBuildFile; fileRef = D019637E228052BF00DAE77D /* ForecastListViewModel.swift */; };
		D019638322805E1800DAE77D /* Formatter.swift in Sources */ = {isa = PBXBuildFile; fileRef = D019638222805E1800DAE77D /* Formatter.swift */; };
		D019638522806A4600DAE77D /* DayWeather.swift in Sources */ = {isa = PBXBuildFile; fileRef = D019638422806A4600DAE77D /* DayWeather.swift */; };
		D01963882281591800DAE77D /* WeatherRouter.swift in Sources */ = {isa = PBXBuildFile; fileRef = D01963872281591800DAE77D /* WeatherRouter.swift */; };
		D019638A2281604800DAE77D /* Adapter.swift in Sources */ = {isa = PBXBuildFile; fileRef = D01963892281604800DAE77D /* Adapter.swift */; };
		D019638C22816CB700DAE77D /* GoogleRouter.swift in Sources */ = {isa = PBXBuildFile; fileRef = D019638B22816CB600DAE77D /* GoogleRouter.swift */; };
		D0595C2A2243C7CF00CD9FA5 /* ImageStore.swift in Sources */ = {isa = PBXBuildFile; fileRef = D0595C292243C7CF00CD9FA5 /* ImageStore.swift */; };
/* End PBXBuildFile section */

/* Begin PBXFileReference section */
		41C6EDF443948980F87212D0 /* Pods-WeatherApp.release.xcconfig */ = {isa = PBXFileReference; includeInIndex = 1; lastKnownFileType = text.xcconfig; name = "Pods-WeatherApp.release.xcconfig"; path = "Pods/Target Support Files/Pods-WeatherApp/Pods-WeatherApp.release.xcconfig"; sourceTree = "<group>"; };
		B1A09B39FE3282C518C4D051 /* Pods-WeatherApp.debug.xcconfig */ = {isa = PBXFileReference; includeInIndex = 1; lastKnownFileType = text.xcconfig; name = "Pods-WeatherApp.debug.xcconfig"; path = "Pods/Target Support Files/Pods-WeatherApp/Pods-WeatherApp.debug.xcconfig"; sourceTree = "<group>"; };
		C8ECC11A0F62B0D7623CA73E /* Pods_WeatherApp.framework */ = {isa = PBXFileReference; explicitFileType = wrapper.framework; includeInIndex = 0; path = Pods_WeatherApp.framework; sourceTree = BUILT_PRODUCTS_DIR; };
		D01407B0223F6A400074263D /* WeatherApp.app */ = {isa = PBXFileReference; explicitFileType = wrapper.application; includeInIndex = 0; path = WeatherApp.app; sourceTree = BUILT_PRODUCTS_DIR; };
		D01407B3223F6A400074263D /* AppDelegate.swift */ = {isa = PBXFileReference; lastKnownFileType = sourcecode.swift; path = AppDelegate.swift; sourceTree = "<group>"; };
		D01407B8223F6A400074263D /* Base */ = {isa = PBXFileReference; lastKnownFileType = file.storyboard; name = Base; path = Base.lproj/Main.storyboard; sourceTree = "<group>"; };
		D01407BA223F6A420074263D /* Assets.xcassets */ = {isa = PBXFileReference; lastKnownFileType = folder.assetcatalog; path = Assets.xcassets; sourceTree = "<group>"; };
		D01407BD223F6A420074263D /* Base */ = {isa = PBXFileReference; lastKnownFileType = file.storyboard; name = Base; path = Base.lproj/LaunchScreen.storyboard; sourceTree = "<group>"; };
		D01407BF223F6A420074263D /* Info.plist */ = {isa = PBXFileReference; lastKnownFileType = text.plist.xml; path = Info.plist; sourceTree = "<group>"; };
		D01407C9223F84C40074263D /* TutorialPageViewController.swift */ = {isa = PBXFileReference; lastKnownFileType = sourcecode.swift; path = TutorialPageViewController.swift; sourceTree = "<group>"; };
		D01407CB223F95250074263D /* TutorialViewController.swift */ = {isa = PBXFileReference; lastKnownFileType = sourcecode.swift; path = TutorialViewController.swift; sourceTree = "<group>"; };
		D01407CD223FCC0C0074263D /* CardView.swift */ = {isa = PBXFileReference; lastKnownFileType = sourcecode.swift; path = CardView.swift; sourceTree = "<group>"; };
		D01407CF223FF2CA0074263D /* WeatherViewController.swift */ = {isa = PBXFileReference; lastKnownFileType = sourcecode.swift; path = WeatherViewController.swift; sourceTree = "<group>"; };
		D01407D12240D7FA0074263D /* WeatherDataModel.swift */ = {isa = PBXFileReference; lastKnownFileType = sourcecode.swift; path = WeatherDataModel.swift; sourceTree = "<group>"; };
		D01407D62240DF4C0074263D /* SwitchCityViewController.swift */ = {isa = PBXFileReference; lastKnownFileType = sourcecode.swift; path = SwitchCityViewController.swift; sourceTree = "<group>"; };
		D01407D82240EA450074263D /* DataFetcher.swift */ = {isa = PBXFileReference; lastKnownFileType = sourcecode.swift; path = DataFetcher.swift; sourceTree = "<group>"; };
		D019637122802C2300DAE77D /* WeatherViewModel.swift */ = {isa = PBXFileReference; lastKnownFileType = sourcecode.swift; path = WeatherViewModel.swift; sourceTree = "<group>"; };
		D01963732280416300DAE77D /* ForecastTableViewController.swift */ = {isa = PBXFileReference; lastKnownFileType = sourcecode.swift; path = ForecastTableViewController.swift; sourceTree = "<group>"; };
		D0196378228041D000DAE77D /* ForecastCell.swift */ = {isa = PBXFileReference; lastKnownFileType = sourcecode.swift; path = ForecastCell.swift; sourceTree = "<group>"; };
		D019637A22804B5C00DAE77D /* WeatherDataTabBarController.swift */ = {isa = PBXFileReference; lastKnownFileType = sourcecode.swift; path = WeatherDataTabBarController.swift; sourceTree = "<group>"; };
		D019637E228052BF00DAE77D /* ForecastListViewModel.swift */ = {isa = PBXFileReference; lastKnownFileType = sourcecode.swift; path = ForecastListViewModel.swift; sourceTree = "<group>"; };
		D019638222805E1800DAE77D /* Formatter.swift */ = {isa = PBXFileReference; lastKnownFileType = sourcecode.swift; name = Formatter.swift; path = ../Formatter.swift; sourceTree = "<group>"; };
		D019638422806A4600DAE77D /* DayWeather.swift */ = {isa = PBXFileReference; lastKnownFileType = sourcecode.swift; path = DayWeather.swift; sourceTree = "<group>"; };
		D01963872281591800DAE77D /* WeatherRouter.swift */ = {isa = PBXFileReference; lastKnownFileType = sourcecode.swift; path = WeatherRouter.swift; sourceTree = "<group>"; };
		D01963892281604800DAE77D /* Adapter.swift */ = {isa = PBXFileReference; lastKnownFileType = sourcecode.swift; path = Adapter.swift; sourceTree = "<group>"; };
		D019638B22816CB600DAE77D /* GoogleRouter.swift */ = {isa = PBXFileReference; lastKnownFileType = sourcecode.swift; path = GoogleRouter.swift; sourceTree = "<group>"; };
		D0595C292243C7CF00CD9FA5 /* ImageStore.swift */ = {isa = PBXFileReference; lastKnownFileType = sourcecode.swift; path = ImageStore.swift; sourceTree = "<group>"; };
/* End PBXFileReference section */

/* Begin PBXFrameworksBuildPhase section */
		D01407AD223F6A400074263D /* Frameworks */ = {
			isa = PBXFrameworksBuildPhase;
			buildActionMask = 2147483647;
			files = (
				900E49462F4F50AAE7CEA0B6 /* Pods_WeatherApp.framework in Frameworks */,
			);
			runOnlyForDeploymentPostprocessing = 0;
		};
/* End PBXFrameworksBuildPhase section */

/* Begin PBXGroup section */
		2A4B3B263C1BFE88BA4E57F8 /* Pods */ = {
			isa = PBXGroup;
			children = (
				B1A09B39FE3282C518C4D051 /* Pods-WeatherApp.debug.xcconfig */,
				41C6EDF443948980F87212D0 /* Pods-WeatherApp.release.xcconfig */,
			);
			name = Pods;
			sourceTree = "<group>";
		};
		B8636A5D0023C2AB978E150A /* Frameworks */ = {
			isa = PBXGroup;
			children = (
				C8ECC11A0F62B0D7623CA73E /* Pods_WeatherApp.framework */,
			);
			name = Frameworks;
			sourceTree = "<group>";
		};
		D01407A7223F6A400074263D = {
			isa = PBXGroup;
			children = (
				D01407B2223F6A400074263D /* WeatherApp */,
				D01407B1223F6A400074263D /* Products */,
				2A4B3B263C1BFE88BA4E57F8 /* Pods */,
				B8636A5D0023C2AB978E150A /* Frameworks */,
			);
			sourceTree = "<group>";
		};
		D01407B1223F6A400074263D /* Products */ = {
			isa = PBXGroup;
			children = (
				D01407B0223F6A400074263D /* WeatherApp.app */,
			);
			name = Products;
			sourceTree = "<group>";
		};
		D01407B2223F6A400074263D /* WeatherApp */ = {
			isa = PBXGroup;
			children = (
				D0196386228158EE00DAE77D /* Networking */,
				D01963752280419700DAE77D /* Cells */,
				D01407D52240D80B0074263D /* Controllers */,
				D01407D42240D8040074263D /* Views */,
				D01407D32240D7FE0074263D /* Models */,
				D01407B3223F6A400074263D /* AppDelegate.swift */,
				D019638222805E1800DAE77D /* Formatter.swift */,
				D01407BA223F6A420074263D /* Assets.xcassets */,
				D01407BF223F6A420074263D /* Info.plist */,
			);
			path = WeatherApp;
			sourceTree = "<group>";
		};
		D01407D32240D7FE0074263D /* Models */ = {
			isa = PBXGroup;
			children = (
				D01407D12240D7FA0074263D /* WeatherDataModel.swift */,
				D0595C292243C7CF00CD9FA5 /* ImageStore.swift */,
				D019637122802C2300DAE77D /* WeatherViewModel.swift */,
				D019637E228052BF00DAE77D /* ForecastListViewModel.swift */,
				D019638422806A4600DAE77D /* DayWeather.swift */,
			);
			path = Models;
			sourceTree = "<group>";
		};
		D01407D42240D8040074263D /* Views */ = {
			isa = PBXGroup;
			children = (
				D01407CD223FCC0C0074263D /* CardView.swift */,
				D01407B7223F6A400074263D /* Main.storyboard */,
				D01407BC223F6A420074263D /* LaunchScreen.storyboard */,
			);
			path = Views;
			sourceTree = "<group>";
		};
		D01407D52240D80B0074263D /* Controllers */ = {
			isa = PBXGroup;
			children = (
				D01407CF223FF2CA0074263D /* WeatherViewController.swift */,
				D01407D62240DF4C0074263D /* SwitchCityViewController.swift */,
				D01407CB223F95250074263D /* TutorialViewController.swift */,
				D01407C9223F84C40074263D /* TutorialPageViewController.swift */,
				D01963732280416300DAE77D /* ForecastTableViewController.swift */,
				D019637A22804B5C00DAE77D /* WeatherDataTabBarController.swift */,
			);
			path = Controllers;
			sourceTree = "<group>";
		};
		D01963752280419700DAE77D /* Cells */ = {
			isa = PBXGroup;
			children = (
				D0196378228041D000DAE77D /* ForecastCell.swift */,
			);
			path = Cells;
			sourceTree = "<group>";
		};
		D0196386228158EE00DAE77D /* Networking */ = {
			isa = PBXGroup;
			children = (
				D01407D82240EA450074263D /* DataFetcher.swift */,
				D01963872281591800DAE77D /* WeatherRouter.swift */,
				D019638B22816CB600DAE77D /* GoogleRouter.swift */,
				D01963892281604800DAE77D /* Adapter.swift */,
			);
			path = Networking;
			sourceTree = "<group>";
		};
/* End PBXGroup section */

/* Begin PBXNativeTarget section */
		D01407AF223F6A400074263D /* WeatherApp */ = {
			isa = PBXNativeTarget;
			buildConfigurationList = D01407C2223F6A420074263D /* Build configuration list for PBXNativeTarget "WeatherApp" */;
			buildPhases = (
				FC34A60C20FF6783007ED24D /* [CP] Check Pods Manifest.lock */,
				D01407AC223F6A400074263D /* Sources */,
				D01407AD223F6A400074263D /* Frameworks */,
				D01407AE223F6A400074263D /* Resources */,
				270662406423520A44B913FF /* [CP] Embed Pods Frameworks */,
			);
			buildRules = (
			);
			dependencies = (
			);
			name = WeatherApp;
			productName = WeatherApp;
			productReference = D01407B0223F6A400074263D /* WeatherApp.app */;
			productType = "com.apple.product-type.application";
		};
/* End PBXNativeTarget section */

/* Begin PBXProject section */
		D01407A8223F6A400074263D /* Project object */ = {
			isa = PBXProject;
			attributes = {
				LastSwiftUpdateCheck = 1010;
				LastUpgradeCheck = 1010;
				ORGANIZATIONNAME = Excellence;
				TargetAttributes = {
					D01407AF223F6A400074263D = {
						CreatedOnToolsVersion = 10.1;
						SystemCapabilities = {
							com.apple.BackgroundModes = {
								enabled = 1;
							};
						};
					};
				};
			};
			buildConfigurationList = D01407AB223F6A400074263D /* Build configuration list for PBXProject "WeatherApp" */;
			compatibilityVersion = "Xcode 9.3";
			developmentRegion = en;
			hasScannedForEncodings = 0;
			knownRegions = (
				en,
				Base,
			);
			mainGroup = D01407A7223F6A400074263D;
			productRefGroup = D01407B1223F6A400074263D /* Products */;
			projectDirPath = "";
			projectRoot = "";
			targets = (
				D01407AF223F6A400074263D /* WeatherApp */,
			);
		};
/* End PBXProject section */

/* Begin PBXResourcesBuildPhase section */
		D01407AE223F6A400074263D /* Resources */ = {
			isa = PBXResourcesBuildPhase;
			buildActionMask = 2147483647;
			files = (
				D01407BE223F6A420074263D /* LaunchScreen.storyboard in Resources */,
				D01407BB223F6A420074263D /* Assets.xcassets in Resources */,
				D01407B9223F6A400074263D /* Main.storyboard in Resources */,
			);
			runOnlyForDeploymentPostprocessing = 0;
		};
/* End PBXResourcesBuildPhase section */

/* Begin PBXShellScriptBuildPhase section */
		270662406423520A44B913FF /* [CP] Embed Pods Frameworks */ = {
			isa = PBXShellScriptBuildPhase;
			buildActionMask = 2147483647;
			files = (
			);
			inputFileListPaths = (
			);
			inputPaths = (
				"${SRCROOT}/Pods/Target Support Files/Pods-WeatherApp/Pods-WeatherApp-frameworks.sh",
				"${BUILT_PRODUCTS_DIR}/Alamofire/Alamofire.framework",
				"${BUILT_PRODUCTS_DIR}/PromiseKit/PromiseKit.framework",
				"${BUILT_PRODUCTS_DIR}/SwiftyJSON/SwiftyJSON.framework",
			);
			name = "[CP] Embed Pods Frameworks";
			outputFileListPaths = (
			);
			outputPaths = (
				"${TARGET_BUILD_DIR}/${FRAMEWORKS_FOLDER_PATH}/Alamofire.framework",
				"${TARGET_BUILD_DIR}/${FRAMEWORKS_FOLDER_PATH}/PromiseKit.framework",
				"${TARGET_BUILD_DIR}/${FRAMEWORKS_FOLDER_PATH}/SwiftyJSON.framework",
			);
			runOnlyForDeploymentPostprocessing = 0;
			shellPath = /bin/sh;
			shellScript = "\"${SRCROOT}/Pods/Target Support Files/Pods-WeatherApp/Pods-WeatherApp-frameworks.sh\"\n";
			showEnvVarsInLog = 0;
		};
		FC34A60C20FF6783007ED24D /* [CP] Check Pods Manifest.lock */ = {
			isa = PBXShellScriptBuildPhase;
			buildActionMask = 2147483647;
			files = (
			);
			inputFileListPaths = (
			);
			inputPaths = (
				"${PODS_PODFILE_DIR_PATH}/Podfile.lock",
				"${PODS_ROOT}/Manifest.lock",
			);
			name = "[CP] Check Pods Manifest.lock";
			outputFileListPaths = (
			);
			outputPaths = (
				"$(DERIVED_FILE_DIR)/Pods-WeatherApp-checkManifestLockResult.txt",
			);
			runOnlyForDeploymentPostprocessing = 0;
			shellPath = /bin/sh;
			shellScript = "diff \"${PODS_PODFILE_DIR_PATH}/Podfile.lock\" \"${PODS_ROOT}/Manifest.lock\" > /dev/null\nif [ $? != 0 ] ; then\n    # print error to STDERR\n    echo \"error: The sandbox is not in sync with the Podfile.lock. Run 'pod install' or update your CocoaPods installation.\" >&2\n    exit 1\nfi\n# This output is used by Xcode 'outputs' to avoid re-running this script phase.\necho \"SUCCESS\" > \"${SCRIPT_OUTPUT_FILE_0}\"\n";
			showEnvVarsInLog = 0;
		};
/* End PBXShellScriptBuildPhase section */

/* Begin PBXSourcesBuildPhase section */
		D01407AC223F6A400074263D /* Sources */ = {
			isa = PBXSourcesBuildPhase;
			buildActionMask = 2147483647;
			files = (
				D01963742280416300DAE77D /* ForecastTableViewController.swift in Sources */,
				D019638A2281604800DAE77D /* Adapter.swift in Sources */,
				D019638C22816CB700DAE77D /* GoogleRouter.swift in Sources */,
				D01407B4223F6A400074263D /* AppDelegate.swift in Sources */,
				D01407D0223FF2CA0074263D /* WeatherViewController.swift in Sources */,
				D019637B22804B5C00DAE77D /* WeatherDataTabBarController.swift in Sources */,
				D01407D22240D7FA0074263D /* WeatherDataModel.swift in Sources */,
				D0196379228041D000DAE77D /* ForecastCell.swift in Sources */,
				D01407CC223F95250074263D /* TutorialViewController.swift in Sources */,
				D01407CA223F84C40074263D /* TutorialPageViewController.swift in Sources */,
				D019637222802C2300DAE77D /* WeatherViewModel.swift in Sources */,
				D019638522806A4600DAE77D /* DayWeather.swift in Sources */,
				D01963882281591800DAE77D /* WeatherRouter.swift in Sources */,
				D0595C2A2243C7CF00CD9FA5 /* ImageStore.swift in Sources */,
				D01407D72240DF4C0074263D /* SwitchCityViewController.swift in Sources */,
				D01407CE223FCC0C0074263D /* CardView.swift in Sources */,
				D019638322805E1800DAE77D /* Formatter.swift in Sources */,
				D01407D92240EA450074263D /* DataFetcher.swift in Sources */,
				D019637F228052BF00DAE77D /* ForecastListViewModel.swift in Sources */,
			);
			runOnlyForDeploymentPostprocessing = 0;
		};
/* End PBXSourcesBuildPhase section */

/* Begin PBXVariantGroup section */
		D01407B7223F6A400074263D /* Main.storyboard */ = {
			isa = PBXVariantGroup;
			children = (
				D01407B8223F6A400074263D /* Base */,
			);
			name = Main.storyboard;
			sourceTree = "<group>";
		};
		D01407BC223F6A420074263D /* LaunchScreen.storyboard */ = {
			isa = PBXVariantGroup;
			children = (
				D01407BD223F6A420074263D /* Base */,
			);
			name = LaunchScreen.storyboard;
			sourceTree = "<group>";
		};
/* End PBXVariantGroup section */

/* Begin XCBuildConfiguration section */
		D01407C0223F6A420074263D /* Debug */ = {
			isa = XCBuildConfiguration;
			buildSettings = {
				ALWAYS_SEARCH_USER_PATHS = NO;
				CLANG_ANALYZER_NONNULL = YES;
				CLANG_ANALYZER_NUMBER_OBJECT_CONVERSION = YES_AGGRESSIVE;
				CLANG_CXX_LANGUAGE_STANDARD = "gnu++14";
				CLANG_CXX_LIBRARY = "libc++";
				CLANG_ENABLE_MODULES = YES;
				CLANG_ENABLE_OBJC_ARC = YES;
				CLANG_ENABLE_OBJC_WEAK = YES;
				CLANG_WARN_BLOCK_CAPTURE_AUTORELEASING = YES;
				CLANG_WARN_BOOL_CONVERSION = YES;
				CLANG_WARN_COMMA = YES;
				CLANG_WARN_CONSTANT_CONVERSION = YES;
				CLANG_WARN_DEPRECATED_OBJC_IMPLEMENTATIONS = YES;
				CLANG_WARN_DIRECT_OBJC_ISA_USAGE = YES_ERROR;
				CLANG_WARN_DOCUMENTATION_COMMENTS = YES;
				CLANG_WARN_EMPTY_BODY = YES;
				CLANG_WARN_ENUM_CONVERSION = YES;
				CLANG_WARN_INFINITE_RECURSION = YES;
				CLANG_WARN_INT_CONVERSION = YES;
				CLANG_WARN_NON_LITERAL_NULL_CONVERSION = YES;
				CLANG_WARN_OBJC_IMPLICIT_RETAIN_SELF = YES;
				CLANG_WARN_OBJC_LITERAL_CONVERSION = YES;
				CLANG_WARN_OBJC_ROOT_CLASS = YES_ERROR;
				CLANG_WARN_RANGE_LOOP_ANALYSIS = YES;
				CLANG_WARN_STRICT_PROTOTYPES = YES;
				CLANG_WARN_SUSPICIOUS_MOVE = YES;
				CLANG_WARN_UNGUARDED_AVAILABILITY = YES_AGGRESSIVE;
				CLANG_WARN_UNREACHABLE_CODE = YES;
				CLANG_WARN__DUPLICATE_METHOD_MATCH = YES;
				CODE_SIGN_IDENTITY = "iPhone Developer";
				COPY_PHASE_STRIP = NO;
				DEBUG_INFORMATION_FORMAT = dwarf;
				ENABLE_STRICT_OBJC_MSGSEND = YES;
				ENABLE_TESTABILITY = YES;
				GCC_C_LANGUAGE_STANDARD = gnu11;
				GCC_DYNAMIC_NO_PIC = NO;
				GCC_NO_COMMON_BLOCKS = YES;
				GCC_OPTIMIZATION_LEVEL = 0;
				GCC_PREPROCESSOR_DEFINITIONS = (
					"DEBUG=1",
					"$(inherited)",
				);
				GCC_WARN_64_TO_32_BIT_CONVERSION = YES;
				GCC_WARN_ABOUT_RETURN_TYPE = YES_ERROR;
				GCC_WARN_UNDECLARED_SELECTOR = YES;
				GCC_WARN_UNINITIALIZED_AUTOS = YES_AGGRESSIVE;
				GCC_WARN_UNUSED_FUNCTION = YES;
				GCC_WARN_UNUSED_VARIABLE = YES;
				IPHONEOS_DEPLOYMENT_TARGET = 12.1;
				MTL_ENABLE_DEBUG_INFO = INCLUDE_SOURCE;
				MTL_FAST_MATH = YES;
				ONLY_ACTIVE_ARCH = YES;
				SDKROOT = iphoneos;
				SWIFT_ACTIVE_COMPILATION_CONDITIONS = DEBUG;
				SWIFT_OPTIMIZATION_LEVEL = "-Onone";
			};
			name = Debug;
		};
		D01407C1223F6A420074263D /* Release */ = {
			isa = XCBuildConfiguration;
			buildSettings = {
				ALWAYS_SEARCH_USER_PATHS = NO;
				CLANG_ANALYZER_NONNULL = YES;
				CLANG_ANALYZER_NUMBER_OBJECT_CONVERSION = YES_AGGRESSIVE;
				CLANG_CXX_LANGUAGE_STANDARD = "gnu++14";
				CLANG_CXX_LIBRARY = "libc++";
				CLANG_ENABLE_MODULES = YES;
				CLANG_ENABLE_OBJC_ARC = YES;
				CLANG_ENABLE_OBJC_WEAK = YES;
				CLANG_WARN_BLOCK_CAPTURE_AUTORELEASING = YES;
				CLANG_WARN_BOOL_CONVERSION = YES;
				CLANG_WARN_COMMA = YES;
				CLANG_WARN_CONSTANT_CONVERSION = YES;
				CLANG_WARN_DEPRECATED_OBJC_IMPLEMENTATIONS = YES;
				CLANG_WARN_DIRECT_OBJC_ISA_USAGE = YES_ERROR;
				CLANG_WARN_DOCUMENTATION_COMMENTS = YES;
				CLANG_WARN_EMPTY_BODY = YES;
				CLANG_WARN_ENUM_CONVERSION = YES;
				CLANG_WARN_INFINITE_RECURSION = YES;
				CLANG_WARN_INT_CONVERSION = YES;
				CLANG_WARN_NON_LITERAL_NULL_CONVERSION = YES;
				CLANG_WARN_OBJC_IMPLICIT_RETAIN_SELF = YES;
				CLANG_WARN_OBJC_LITERAL_CONVERSION = YES;
				CLANG_WARN_OBJC_ROOT_CLASS = YES_ERROR;
				CLANG_WARN_RANGE_LOOP_ANALYSIS = YES;
				CLANG_WARN_STRICT_PROTOTYPES = YES;
				CLANG_WARN_SUSPICIOUS_MOVE = YES;
				CLANG_WARN_UNGUARDED_AVAILABILITY = YES_AGGRESSIVE;
				CLANG_WARN_UNREACHABLE_CODE = YES;
				CLANG_WARN__DUPLICATE_METHOD_MATCH = YES;
				CODE_SIGN_IDENTITY = "iPhone Developer";
				COPY_PHASE_STRIP = NO;
				DEBUG_INFORMATION_FORMAT = "dwarf-with-dsym";
				ENABLE_NS_ASSERTIONS = NO;
				ENABLE_STRICT_OBJC_MSGSEND = YES;
				GCC_C_LANGUAGE_STANDARD = gnu11;
				GCC_NO_COMMON_BLOCKS = YES;
				GCC_WARN_64_TO_32_BIT_CONVERSION = YES;
				GCC_WARN_ABOUT_RETURN_TYPE = YES_ERROR;
				GCC_WARN_UNDECLARED_SELECTOR = YES;
				GCC_WARN_UNINITIALIZED_AUTOS = YES_AGGRESSIVE;
				GCC_WARN_UNUSED_FUNCTION = YES;
				GCC_WARN_UNUSED_VARIABLE = YES;
				IPHONEOS_DEPLOYMENT_TARGET = 12.1;
				MTL_ENABLE_DEBUG_INFO = NO;
				MTL_FAST_MATH = YES;
				SDKROOT = iphoneos;
				SWIFT_COMPILATION_MODE = wholemodule;
				SWIFT_OPTIMIZATION_LEVEL = "-O";
				VALIDATE_PRODUCT = YES;
			};
			name = Release;
		};
		D01407C3223F6A420074263D /* Debug */ = {
			isa = XCBuildConfiguration;
			baseConfigurationReference = B1A09B39FE3282C518C4D051 /* Pods-WeatherApp.debug.xcconfig */;
			buildSettings = {
				ASSETCATALOG_COMPILER_APPICON_NAME = AppIcon;
				CODE_SIGN_STYLE = Automatic;
				DEVELOPMENT_TEAM = 3LP6667S74;
				INFOPLIST_FILE = WeatherApp/Info.plist;
				LD_RUNPATH_SEARCH_PATHS = (
					"$(inherited)",
					"@executable_path/Frameworks",
				);
				PRODUCT_BUNDLE_IDENTIFIER = Excellence.WeatherApp;
				PRODUCT_NAME = "$(TARGET_NAME)";
				SWIFT_VERSION = 4.2;
				TARGETED_DEVICE_FAMILY = "1,2";
			};
			name = Debug;
		};
		D01407C4223F6A420074263D /* Release */ = {
			isa = XCBuildConfiguration;
			baseConfigurationReference = 41C6EDF443948980F87212D0 /* Pods-WeatherApp.release.xcconfig */;
			buildSettings = {
				ASSETCATALOG_COMPILER_APPICON_NAME = AppIcon;
				CODE_SIGN_STYLE = Automatic;
				DEVELOPMENT_TEAM = 3LP6667S74;
				INFOPLIST_FILE = WeatherApp/Info.plist;
				LD_RUNPATH_SEARCH_PATHS = (
					"$(inherited)",
					"@executable_path/Frameworks",
				);
				PRODUCT_BUNDLE_IDENTIFIER = Excellence.WeatherApp;
				PRODUCT_NAME = "$(TARGET_NAME)";
				SWIFT_VERSION = 4.2;
				TARGETED_DEVICE_FAMILY = "1,2";
			};
			name = Release;
		};
/* End XCBuildConfiguration section */

/* Begin XCConfigurationList section */
		D01407AB223F6A400074263D /* Build configuration list for PBXProject "WeatherApp" */ = {
			isa = XCConfigurationList;
			buildConfigurations = (
				D01407C0223F6A420074263D /* Debug */,
				D01407C1223F6A420074263D /* Release */,
			);
			defaultConfigurationIsVisible = 0;
			defaultConfigurationName = Release;
		};
		D01407C2223F6A420074263D /* Build configuration list for PBXNativeTarget "WeatherApp" */ = {
			isa = XCConfigurationList;
			buildConfigurations = (
				D01407C3223F6A420074263D /* Debug */,
				D01407C4223F6A420074263D /* Release */,
			);
			defaultConfigurationIsVisible = 0;
			defaultConfigurationName = Release;
		};
/* End XCConfigurationList section */
	};
	rootObject = D01407A8223F6A400074263D /* Project object */;
}
